
Microsoft Visual Studio Solution File, Format Version 12.00
# Visual Studio Version 17
VisualStudioVersion = 17.9.34728.123
MinimumVisualStudioVersion = 10.0.40219.1
Project("{9A19103F-16F7-4668-BE54-9A1E7A4F7556}") = "EquityAfia.UserManagement.Api", "EquityAfia.UserManagement.Api\EquityAfia.UserManagement.Api.csproj", "{519E8D76-CE1C-469E-97F1-BED7660F1F1C}"
EndProject
Project("{9A19103F-16F7-4668-BE54-9A1E7A4F7556}") = "EquityAfia.UserManagement.Domain", "EquityAfia.UserManagement.Domain\EquityAfia.UserManagement.Domain.csproj", "{6AD39AAD-D72E-44E4-AA2B-E64B2D3A81C8}"
EndProject
Project("{9A19103F-16F7-4668-BE54-9A1E7A4F7556}") = "EquityAfia.UserManagement.Application", "EquityAfia.UserManagement.Application\EquityAfia.UserManagement.Application.csproj", "{78CC2DAE-11E4-4410-A4CD-DC24C37A2E4E}"
EndProject
Project("{9A19103F-16F7-4668-BE54-9A1E7A4F7556}") = "EquityAfia.UserManagement.Infrastructure", "EquityAfia.UserManagement.Infrastructure\EquityAfia.UserManagement.Infrastructure.csproj", "{B3069653-D076-404C-B863-FE1AB21FB0A5}"
EndProject
Project("{9A19103F-16F7-4668-BE54-9A1E7A4F7556}") = "EquityAfia.UserManagement.Contracts", "EquityAfia.UserManagement.Contracts\EquityAfia.UserManagement.Contracts.csproj", "{1773D5D8-93FA-484C-BD54-97E6F7755383}"
EndProject
Project("{FAE04EC0-301F-11D3-BF4B-00C04F79EFBC}") = "EquityAfia.SharedContracts", "EquityAfia.SharedContracts\EquityAfia.SharedContracts.csproj", "{F99B6881-A22F-4066-919E-662DAADDD9AE}"
EndProject
Global
	GlobalSection(SolutionConfigurationPlatforms) = preSolution
		Debug|Any CPU = Debug|Any CPU
		Release|Any CPU = Release|Any CPU
	EndGlobalSection
	GlobalSection(ProjectConfigurationPlatforms) = postSolution
		{519E8D76-CE1C-469E-97F1-BED7660F1F1C}.Debug|Any CPU.ActiveCfg = Debug|Any CPU
		{519E8D76-CE1C-469E-97F1-BED7660F1F1C}.Debug|Any CPU.Build.0 = Debug|Any CPU
		{519E8D76-CE1C-469E-97F1-BED7660F1F1C}.Release|Any CPU.ActiveCfg = Release|Any CPU
		{519E8D76-CE1C-469E-97F1-BED7660F1F1C}.Release|Any CPU.Build.0 = Release|Any CPU
		{6AD39AAD-D72E-44E4-AA2B-E64B2D3A81C8}.Debug|Any CPU.ActiveCfg = Debug|Any CPU
		{6AD39AAD-D72E-44E4-AA2B-E64B2D3A81C8}.Debug|Any CPU.Build.0 = Debug|Any CPU
		{6AD39AAD-D72E-44E4-AA2B-E64B2D3A81C8}.Release|Any CPU.ActiveCfg = Release|Any CPU
		{6AD39AAD-D72E-44E4-AA2B-E64B2D3A81C8}.Release|Any CPU.Build.0 = Release|Any CPU
		{78CC2DAE-11E4-4410-A4CD-DC24C37A2E4E}.Debug|Any CPU.ActiveCfg = Debug|Any CPU
		{78CC2DAE-11E4-4410-A4CD-DC24C37A2E4E}.Debug|Any CPU.Build.0 = Debug|Any CPU
		{78CC2DAE-11E4-4410-A4CD-DC24C37A2E4E}.Release|Any CPU.ActiveCfg = Release|Any CPU
		{78CC2DAE-11E4-4410-A4CD-DC24C37A2E4E}.Release|Any CPU.Build.0 = Release|Any CPU
		{B3069653-D076-404C-B863-FE1AB21FB0A5}.Debug|Any CPU.ActiveCfg = Debug|Any CPU
		{B3069653-D076-404C-B863-FE1AB21FB0A5}.Debug|Any CPU.Build.0 = Debug|Any CPU
		{B3069653-D076-404C-B863-FE1AB21FB0A5}.Release|Any CPU.ActiveCfg = Release|Any CPU
		{B3069653-D076-404C-B863-FE1AB21FB0A5}.Release|Any CPU.Build.0 = Release|Any CPU
		{1773D5D8-93FA-484C-BD54-97E6F7755383}.Debug|Any CPU.ActiveCfg = Debug|Any CPU
		{1773D5D8-93FA-484C-BD54-97E6F7755383}.Debug|Any CPU.Build.0 = Debug|Any CPU
		{1773D5D8-93FA-484C-BD54-97E6F7755383}.Release|Any CPU.ActiveCfg = Release|Any CPU
		{1773D5D8-93FA-484C-BD54-97E6F7755383}.Release|Any CPU.Build.0 = Release|Any CPU
		{F99B6881-A22F-4066-919E-662DAADDD9AE}.Debug|Any CPU.ActiveCfg = Debug|Any CPU
		{F99B6881-A22F-4066-919E-662DAADDD9AE}.Debug|Any CPU.Build.0 = Debug|Any CPU
		{F99B6881-A22F-4066-919E-662DAADDD9AE}.Release|Any CPU.ActiveCfg = Release|Any CPU
		{F99B6881-A22F-4066-919E-662DAADDD9AE}.Release|Any CPU.Build.0 = Release|Any CPU
	EndGlobalSection
	GlobalSection(SolutionProperties) = preSolution
		HideSolutionNode = FALSE
	EndGlobalSection
	GlobalSection(ExtensibilityGlobals) = postSolution
		SolutionGuid = {7C3AD883-86FC-4CA7-92A2-07C370DBD88A}
	EndGlobalSection
EndGlobal
